
Microsoft Visual Studio Solution File, Format Version 12.00
# Visual Studio Version 17
VisualStudioVersion = 17.8.34408.163
MinimumVisualStudioVersion = 10.0.40219.1
Project("{FAE04EC0-301F-11D3-BF4B-00C04F79EFBC}") = "NZWalks6.0Framework.API", "NZWalks6.0Framework.API\NZWalks6.0Framework.API.csproj", "{8E593776-05EC-455E-A21F-6EE2C8EB9B42}"
EndProject
Global
	GlobalSection(SolutionConfigurationPlatforms) = preSolution
		Debug|Any CPU = Debug|Any CPU
		Release|Any CPU = Release|Any CPU
	EndGlobalSection
	GlobalSection(ProjectConfigurationPlatforms) = postSolution
		{8E593776-05EC-455E-A21F-6EE2C8EB9B42}.Debug|Any CPU.ActiveCfg = Debug|Any CPU
		{8E593776-05EC-455E-A21F-6EE2C8EB9B42}.Debug|Any CPU.Build.0 = Debug|Any CPU
		{8E593776-05EC-455E-A21F-6EE2C8EB9B42}.Release|Any CPU.ActiveCfg = Release|Any CPU
		{8E593776-05EC-455E-A21F-6EE2C8EB9B42}.Release|Any CPU.Build.0 = Release|Any CPU
	EndGlobalSection
	GlobalSection(SolutionProperties) = preSolution
		HideSolutionNode = FALSE
	EndGlobalSection
	GlobalSection(ExtensibilityGlobals) = postSolution
		SolutionGuid = {1102AE7A-8068-4150-9659-836A89A9CFE3}
	EndGlobalSection
EndGlobal
